
Microsoft Visual Studio Solution File, Format Version 12.00
# Visual Studio 15
VisualStudioVersion = 15.0.27703.2042
MinimumVisualStudioVersion = 10.0.40219.1
Project("{FAE04EC0-301F-11D3-BF4B-00C04F79EFBC}") = "gus-stats", "gus-stats\gus-stats.csproj", "{98C7E985-7C82-4F6C-AD4D-1E5FC94A60BE}"
EndProject
Global
	GlobalSection(SolutionConfigurationPlatforms) = preSolution
		Debug|Any CPU = Debug|Any CPU
		Release|Any CPU = Release|Any CPU
	EndGlobalSection
	GlobalSection(ProjectConfigurationPlatforms) = postSolution
		{98C7E985-7C82-4F6C-AD4D-1E5FC94A60BE}.Debug|Any CPU.ActiveCfg = Debug|Any CPU
		{98C7E985-7C82-4F6C-AD4D-1E5FC94A60BE}.Debug|Any CPU.Build.0 = Debug|Any CPU
		{98C7E985-7C82-4F6C-AD4D-1E5FC94A60BE}.Release|Any CPU.ActiveCfg = Release|Any CPU
		{98C7E985-7C82-4F6C-AD4D-1E5FC94A60BE}.Release|Any CPU.Build.0 = Release|Any CPU
	EndGlobalSection
	GlobalSection(SolutionProperties) = preSolution
		HideSolutionNode = FALSE
	EndGlobalSection
	GlobalSection(ExtensibilityGlobals) = postSolution
		SolutionGuid = {8D1AD4FB-B675-4C18-BB52-8916F2D3B25F}
	EndGlobalSection
EndGlobal
